
Microsoft Visual Studio Solution File, Format Version 12.00
# Visual Studio Version 16
VisualStudioVersion = 16.0.29411.108
MinimumVisualStudioVersion = 10.0.40219.1
Project("{6EC3EE1D-3C4E-46DD-8F32-0CC8E7565705}") = "FsharpService", "FsharpService.fsproj", "{4946F989-57E4-4C3A-8067-FB09CE8FF3A8}"
EndProject
Global
	GlobalSection(SolutionConfigurationPlatforms) = preSolution
		Debug|Any CPU = Debug|Any CPU
		Release|Any CPU = Release|Any CPU
	EndGlobalSection
	GlobalSection(ProjectConfigurationPlatforms) = postSolution
		{4946F989-57E4-4C3A-8067-FB09CE8FF3A8}.Debug|Any CPU.ActiveCfg = Debug|Any CPU
		{4946F989-57E4-4C3A-8067-FB09CE8FF3A8}.Debug|Any CPU.Build.0 = Debug|Any CPU
		{4946F989-57E4-4C3A-8067-FB09CE8FF3A8}.Release|Any CPU.ActiveCfg = Release|Any CPU
		{4946F989-57E4-4C3A-8067-FB09CE8FF3A8}.Release|Any CPU.Build.0 = Release|Any CPU
	EndGlobalSection
	GlobalSection(SolutionProperties) = preSolution
		HideSolutionNode = FALSE
	EndGlobalSection
	GlobalSection(ExtensibilityGlobals) = postSolution
		SolutionGuid = {3ECC2498-B11D-42A1-99CC-85DD50697DB5}
	EndGlobalSection
EndGlobal
